// !$*UTF8*$!
{
	archiveVersion = 1;
	classes = {
	};
	objectVersion = 56;
	objects = {

/* Begin PBXBuildFile section */
		6347CEC32D0DD1140039D7F8 /* HomeView.swift in Sources */ = {isa = PBXBuildFile; fileRef = 6347CEC22D0DD1140039D7F8 /* HomeView.swift */; };
		63BC461D2D0D3768009353C2 /* BloodTestLabApp.swift in Sources */ = {isa = PBXBuildFile; fileRef = 63BC461C2D0D3768009353C2 /* BloodTestLabApp.swift */; };
		63BC461F2D0D3768009353C2 /* ContentView.swift in Sources */ = {isa = PBXBuildFile; fileRef = 63BC461E2D0D3768009353C2 /* ContentView.swift */; };
		63BC46212D0D376A009353C2 /* Assets.xcassets in Resources */ = {isa = PBXBuildFile; fileRef = 63BC46202D0D376A009353C2 /* Assets.xcassets */; };
		63BC46242D0D376A009353C2 /* Preview Assets.xcassets in Resources */ = {isa = PBXBuildFile; fileRef = 63BC46232D0D376A009353C2 /* Preview Assets.xcassets */; };
		63BC462C2D0D3871009353C2 /* libsqlite3.tbd in Frameworks */ = {isa = PBXBuildFile; fileRef = 63BC462B2D0D3870009353C2 /* libsqlite3.tbd */; };
		63BC462E2D0D44FD009353C2 /* SQLiteHelper.swift in Sources */ = {isa = PBXBuildFile; fileRef = 63BC462D2D0D44FD009353C2 /* SQLiteHelper.swift */; };
		63BC46302D0D53BB009353C2 /* LoginView.swift in Sources */ = {isa = PBXBuildFile; fileRef = 63BC462F2D0D53BB009353C2 /* LoginView.swift */; };
		63BC46322D0D5456009353C2 /* RegisterView.swift in Sources */ = {isa = PBXBuildFile; fileRef = 63BC46312D0D5456009353C2 /* RegisterView.swift */; };
		63DC181C2D13DAD10019A2D3 /* AddAppointmentView.swift in Sources */ = {isa = PBXBuildFile; fileRef = 63DC181B2D13DAD10019A2D3 /* AddAppointmentView.swift */; };
		63DC181E2D13DB260019A2D3 /* ManageAppointmentView.swift in Sources */ = {isa = PBXBuildFile; fileRef = 63DC181D2D13DB260019A2D3 /* ManageAppointmentView.swift */; };
		63DC18202D13DB6C0019A2D3 /* ResultsView.swift in Sources */ = {isa = PBXBuildFile; fileRef = 63DC181F2D13DB6C0019A2D3 /* ResultsView.swift */; };
/* End PBXBuildFile section */

/* Begin PBXFileReference section */
		6347CEC22D0DD1140039D7F8 /* HomeView.swift */ = {isa = PBXFileReference; lastKnownFileType = sourcecode.swift; path = HomeView.swift; sourceTree = "<group>"; };
		63BC46192D0D3768009353C2 /* BloodTestLab.app */ = {isa = PBXFileReference; explicitFileType = wrapper.application; includeInIndex = 0; path = BloodTestLab.app; sourceTree = BUILT_PRODUCTS_DIR; };
		63BC461C2D0D3768009353C2 /* BloodTestLabApp.swift */ = {isa = PBXFileReference; lastKnownFileType = sourcecode.swift; path = BloodTestLabApp.swift; sourceTree = "<group>"; };
		63BC461E2D0D3768009353C2 /* ContentView.swift */ = {isa = PBXFileReference; lastKnownFileType = sourcecode.swift; path = ContentView.swift; sourceTree = "<group>"; };
		63BC46202D0D376A009353C2 /* Assets.xcassets */ = {isa = PBXFileReference; lastKnownFileType = folder.assetcatalog; path = Assets.xcassets; sourceTree = "<group>"; };
		63BC46232D0D376A009353C2 /* Preview Assets.xcassets */ = {isa = PBXFileReference; lastKnownFileType = folder.assetcatalog; path = "Preview Assets.xcassets"; sourceTree = "<group>"; };
		63BC462B2D0D3870009353C2 /* libsqlite3.tbd */ = {isa = PBXFileReference; lastKnownFileType = "sourcecode.text-based-dylib-definition"; name = libsqlite3.tbd; path = usr/lib/libsqlite3.tbd; sourceTree = SDKROOT; };
		63BC462D2D0D44FD009353C2 /* SQLiteHelper.swift */ = {isa = PBXFileReference; lastKnownFileType = sourcecode.swift; path = SQLiteHelper.swift; sourceTree = "<group>"; };
		63BC462F2D0D53BB009353C2 /* LoginView.swift */ = {isa = PBXFileReference; lastKnownFileType = sourcecode.swift; path = LoginView.swift; sourceTree = "<group>"; };
		63BC46312D0D5456009353C2 /* RegisterView.swift */ = {isa = PBXFileReference; lastKnownFileType = sourcecode.swift; path = RegisterView.swift; sourceTree = "<group>"; };
		63DC181B2D13DAD10019A2D3 /* AddAppointmentView.swift */ = {isa = PBXFileReference; lastKnownFileType = sourcecode.swift; path = AddAppointmentView.swift; sourceTree = "<group>"; };
		63DC181D2D13DB260019A2D3 /* ManageAppointmentView.swift */ = {isa = PBXFileReference; lastKnownFileType = sourcecode.swift; path = ManageAppointmentView.swift; sourceTree = "<group>"; };
		63DC181F2D13DB6C0019A2D3 /* ResultsView.swift */ = {isa = PBXFileReference; lastKnownFileType = sourcecode.swift; path = ResultsView.swift; sourceTree = "<group>"; };
/* End PBXFileReference section */

/* Begin PBXFrameworksBuildPhase section */
		63BC46162D0D3768009353C2 /* Frameworks */ = {
			isa = PBXFrameworksBuildPhase;
			buildActionMask = 2147483647;
			files = (
				63BC462C2D0D3871009353C2 /* libsqlite3.tbd in Frameworks */,
			);
			runOnlyForDeploymentPostprocessing = 0;
		};
/* End PBXFrameworksBuildPhase section */

/* Begin PBXGroup section */
		63BC46102D0D3768009353C2 = {
			isa = PBXGroup;
			children = (
				63BC461B2D0D3768009353C2 /* BloodTestLab */,
				63BC461A2D0D3768009353C2 /* Products */,
				63BC462A2D0D3870009353C2 /* Frameworks */,
			);
			sourceTree = "<group>";
		};
		63BC461A2D0D3768009353C2 /* Products */ = {
			isa = PBXGroup;
			children = (
				63BC46192D0D3768009353C2 /* BloodTestLab.app */,
			);
			name = Products;
			sourceTree = "<group>";
		};
		63BC461B2D0D3768009353C2 /* BloodTestLab */ = {
			isa = PBXGroup;
			children = (
				63BC461C2D0D3768009353C2 /* BloodTestLabApp.swift */,
				63BC46312D0D5456009353C2 /* RegisterView.swift */,
				63BC462F2D0D53BB009353C2 /* LoginView.swift */,
				63BC461E2D0D3768009353C2 /* ContentView.swift */,
				63BC462D2D0D44FD009353C2 /* SQLiteHelper.swift */,
				6347CEC22D0DD1140039D7F8 /* HomeView.swift */,
				63DC181B2D13DAD10019A2D3 /* AddAppointmentView.swift */,
				63DC181D2D13DB260019A2D3 /* ManageAppointmentView.swift */,
				63DC181F2D13DB6C0019A2D3 /* ResultsView.swift */,
				63BC46202D0D376A009353C2 /* Assets.xcassets */,
				63BC46222D0D376A009353C2 /* Preview Content */,
			);
			path = BloodTestLab;
			sourceTree = "<group>";
		};
		63BC46222D0D376A009353C2 /* Preview Content */ = {
			isa = PBXGroup;
			children = (
				63BC46232D0D376A009353C2 /* Preview Assets.xcassets */,
			);
			path = "Preview Content";
			sourceTree = "<group>";
		};
		63BC462A2D0D3870009353C2 /* Frameworks */ = {
			isa = PBXGroup;
			children = (
				63BC462B2D0D3870009353C2 /* libsqlite3.tbd */,
			);
			name = Frameworks;
			sourceTree = "<group>";
		};
/* End PBXGroup section */

/* Begin PBXNativeTarget section */
		63BC46182D0D3768009353C2 /* BloodTestLab */ = {
			isa = PBXNativeTarget;
			buildConfigurationList = 63BC46272D0D376A009353C2 /* Build configuration list for PBXNativeTarget "BloodTestLab" */;
			buildPhases = (
				63BC46152D0D3768009353C2 /* Sources */,
				63BC46162D0D3768009353C2 /* Frameworks */,
				63BC46172D0D3768009353C2 /* Resources */,
			);
			buildRules = (
			);
			dependencies = (
			);
			name = BloodTestLab;
			productName = BloodTestLab;
			productReference = 63BC46192D0D3768009353C2 /* BloodTestLab.app */;
			productType = "com.apple.product-type.application";
		};
/* End PBXNativeTarget section */

/* Begin PBXProject section */
		63BC46112D0D3768009353C2 /* Project object */ = {
			isa = PBXProject;
			attributes = {
				BuildIndependentTargetsInParallel = 1;
				LastSwiftUpdateCheck = 1400;
				LastUpgradeCheck = 1400;
				TargetAttributes = {
					63BC46182D0D3768009353C2 = {
						CreatedOnToolsVersion = 14.0.1;
					};
				};
			};
			buildConfigurationList = 63BC46142D0D3768009353C2 /* Build configuration list for PBXProject "BloodTestLab" */;
			compatibilityVersion = "Xcode 14.0";
			developmentRegion = en;
			hasScannedForEncodings = 0;
			knownRegions = (
				en,
				Base,
			);
			mainGroup = 63BC46102D0D3768009353C2;
			productRefGroup = 63BC461A2D0D3768009353C2 /* Products */;
			projectDirPath = "";
			projectRoot = "";
			targets = (
				63BC46182D0D3768009353C2 /* BloodTestLab */,
			);
		};
/* End PBXProject section */

/* Begin PBXResourcesBuildPhase section */
		63BC46172D0D3768009353C2 /* Resources */ = {
			isa = PBXResourcesBuildPhase;
			buildActionMask = 2147483647;
			files = (
				63BC46242D0D376A009353C2 /* Preview Assets.xcassets in Resources */,
				63BC46212D0D376A009353C2 /* Assets.xcassets in Resources */,
			);
			runOnlyForDeploymentPostprocessing = 0;
		};
/* End PBXResourcesBuildPhase section */

/* Begin PBXSourcesBuildPhase section */
		63BC46152D0D3768009353C2 /* Sources */ = {
			isa = PBXSourcesBuildPhase;
			buildActionMask = 2147483647;
			files = (
				63DC181C2D13DAD10019A2D3 /* AddAppointmentView.swift in Sources */,
				63DC18202D13DB6C0019A2D3 /* ResultsView.swift in Sources */,
				63DC181E2D13DB260019A2D3 /* ManageAppointmentView.swift in Sources */,
				63BC461F2D0D3768009353C2 /* ContentView.swift in Sources */,
				63BC46322D0D5456009353C2 /* RegisterView.swift in Sources */,
				63BC461D2D0D3768009353C2 /* BloodTestLabApp.swift in Sources */,
				6347CEC32D0DD1140039D7F8 /* HomeView.swift in Sources */,
				63BC46302D0D53BB009353C2 /* LoginView.swift in Sources */,
				63BC462E2D0D44FD009353C2 /* SQLiteHelper.swift in Sources */,
			);
			runOnlyForDeploymentPostprocessing = 0;
		};
/* End PBXSourcesBuildPhase section */

/* Begin XCBuildConfiguration section */
		63BC46252D0D376A009353C2 /* Debug */ = {
			isa = XCBuildConfiguration;
			buildSettings = {
				ALWAYS_SEARCH_USER_PATHS = NO;
				CLANG_ANALYZER_NONNULL = YES;
				CLANG_ANALYZER_NUMBER_OBJECT_CONVERSION = YES_AGGRESSIVE;
				CLANG_CXX_LANGUAGE_STANDARD = "gnu++20";
				CLANG_ENABLE_MODULES = YES;
				CLANG_ENABLE_OBJC_ARC = YES;
				CLANG_ENABLE_OBJC_WEAK = YES;
				CLANG_WARN_BLOCK_CAPTURE_AUTORELEASING = YES;
				CLANG_WARN_BOOL_CONVERSION = YES;
				CLANG_WARN_COMMA = YES;
				CLANG_WARN_CONSTANT_CONVERSION = YES;
				CLANG_WARN_DEPRECATED_OBJC_IMPLEMENTATIONS = YES;
				CLANG_WARN_DIRECT_OBJC_ISA_USAGE = YES_ERROR;
				CLANG_WARN_DOCUMENTATION_COMMENTS = YES;
				CLANG_WARN_EMPTY_BODY = YES;
				CLANG_WARN_ENUM_CONVERSION = YES;
				CLANG_WARN_INFINITE_RECURSION = YES;
				CLANG_WARN_INT_CONVERSION = YES;
				CLANG_WARN_NON_LITERAL_NULL_CONVERSION = YES;
				CLANG_WARN_OBJC_IMPLICIT_RETAIN_SELF = YES;
				CLANG_WARN_OBJC_LITERAL_CONVERSION = YES;
				CLANG_WARN_OBJC_ROOT_CLASS = YES_ERROR;
				CLANG_WARN_QUOTED_INCLUDE_IN_FRAMEWORK_HEADER = YES;
				CLANG_WARN_RANGE_LOOP_ANALYSIS = YES;
				CLANG_WARN_STRICT_PROTOTYPES = YES;
				CLANG_WARN_SUSPICIOUS_MOVE = YES;
				CLANG_WARN_UNGUARDED_AVAILABILITY = YES_AGGRESSIVE;
				CLANG_WARN_UNREACHABLE_CODE = YES;
				CLANG_WARN__DUPLICATE_METHOD_MATCH = YES;
				COPY_PHASE_STRIP = NO;
				DEBUG_INFORMATION_FORMAT = dwarf;
				ENABLE_STRICT_OBJC_MSGSEND = YES;
				ENABLE_TESTABILITY = YES;
				GCC_C_LANGUAGE_STANDARD = gnu11;
				GCC_DYNAMIC_NO_PIC = NO;
				GCC_NO_COMMON_BLOCKS = YES;
				GCC_OPTIMIZATION_LEVEL = 0;
				GCC_PREPROCESSOR_DEFINITIONS = (
					"DEBUG=1",
					"$(inherited)",
				);
				GCC_WARN_64_TO_32_BIT_CONVERSION = YES;
				GCC_WARN_ABOUT_RETURN_TYPE = YES_ERROR;
				GCC_WARN_UNDECLARED_SELECTOR = YES;
				GCC_WARN_UNINITIALIZED_AUTOS = YES_AGGRESSIVE;
				GCC_WARN_UNUSED_FUNCTION = YES;
				GCC_WARN_UNUSED_VARIABLE = YES;
				IPHONEOS_DEPLOYMENT_TARGET = 16.0;
				MTL_ENABLE_DEBUG_INFO = INCLUDE_SOURCE;
				MTL_FAST_MATH = YES;
				ONLY_ACTIVE_ARCH = YES;
				SDKROOT = iphoneos;
				SWIFT_ACTIVE_COMPILATION_CONDITIONS = DEBUG;
				SWIFT_OPTIMIZATION_LEVEL = "-Onone";
			};
			name = Debug;
		};
		63BC46262D0D376A009353C2 /* Release */ = {
			isa = XCBuildConfiguration;
			buildSettings = {
				ALWAYS_SEARCH_USER_PATHS = NO;
				CLANG_ANALYZER_NONNULL = YES;
				CLANG_ANALYZER_NUMBER_OBJECT_CONVERSION = YES_AGGRESSIVE;
				CLANG_CXX_LANGUAGE_STANDARD = "gnu++20";
				CLANG_ENABLE_MODULES = YES;
				CLANG_ENABLE_OBJC_ARC = YES;
				CLANG_ENABLE_OBJC_WEAK = YES;
				CLANG_WARN_BLOCK_CAPTURE_AUTORELEASING = YES;
				CLANG_WARN_BOOL_CONVERSION = YES;
				CLANG_WARN_COMMA = YES;
				CLANG_WARN_CONSTANT_CONVERSION = YES;
				CLANG_WARN_DEPRECATED_OBJC_IMPLEMENTATIONS = YES;
				CLANG_WARN_DIRECT_OBJC_ISA_USAGE = YES_ERROR;
				CLANG_WARN_DOCUMENTATION_COMMENTS = YES;
				CLANG_WARN_EMPTY_BODY = YES;
				CLANG_WARN_ENUM_CONVERSION = YES;
				CLANG_WARN_INFINITE_RECURSION = YES;
				CLANG_WARN_INT_CONVERSION = YES;
				CLANG_WARN_NON_LITERAL_NULL_CONVERSION = YES;
				CLANG_WARN_OBJC_IMPLICIT_RETAIN_SELF = YES;
				CLANG_WARN_OBJC_LITERAL_CONVERSION = YES;
				CLANG_WARN_OBJC_ROOT_CLASS = YES_ERROR;
				CLANG_WARN_QUOTED_INCLUDE_IN_FRAMEWORK_HEADER = YES;
				CLANG_WARN_RANGE_LOOP_ANALYSIS = YES;
				CLANG_WARN_STRICT_PROTOTYPES = YES;
				CLANG_WARN_SUSPICIOUS_MOVE = YES;
				CLANG_WARN_UNGUARDED_AVAILABILITY = YES_AGGRESSIVE;
				CLANG_WARN_UNREACHABLE_CODE = YES;
				CLANG_WARN__DUPLICATE_METHOD_MATCH = YES;
				COPY_PHASE_STRIP = NO;
				DEBUG_INFORMATION_FORMAT = "dwarf-with-dsym";
				ENABLE_NS_ASSERTIONS = NO;
				ENABLE_STRICT_OBJC_MSGSEND = YES;
				GCC_C_LANGUAGE_STANDARD = gnu11;
				GCC_NO_COMMON_BLOCKS = YES;
				GCC_WARN_64_TO_32_BIT_CONVERSION = YES;
				GCC_WARN_ABOUT_RETURN_TYPE = YES_ERROR;
				GCC_WARN_UNDECLARED_SELECTOR = YES;
				GCC_WARN_UNINITIALIZED_AUTOS = YES_AGGRESSIVE;
				GCC_WARN_UNUSED_FUNCTION = YES;
				GCC_WARN_UNUSED_VARIABLE = YES;
				IPHONEOS_DEPLOYMENT_TARGET = 16.0;
				MTL_ENABLE_DEBUG_INFO = NO;
				MTL_FAST_MATH = YES;
				SDKROOT = iphoneos;
				SWIFT_COMPILATION_MODE = wholemodule;
				SWIFT_OPTIMIZATION_LEVEL = "-O";
				VALIDATE_PRODUCT = YES;
			};
			name = Release;
		};
		63BC46282D0D376A009353C2 /* Debug */ = {
			isa = XCBuildConfiguration;
			buildSettings = {
				ASSETCATALOG_COMPILER_APPICON_NAME = AppIcon;
				ASSETCATALOG_COMPILER_GLOBAL_ACCENT_COLOR_NAME = AccentColor;
				CODE_SIGN_STYLE = Automatic;
				CURRENT_PROJECT_VERSION = 1;
				DEVELOPMENT_ASSET_PATHS = "\"BloodTestLab/Preview Content\"";
				ENABLE_PREVIEWS = YES;
				GENERATE_INFOPLIST_FILE = YES;
				INFOPLIST_KEY_UIApplicationSceneManifest_Generation = YES;
				INFOPLIST_KEY_UIApplicationSupportsIndirectInputEvents = YES;
				INFOPLIST_KEY_UILaunchScreen_Generation = YES;
				INFOPLIST_KEY_UISupportedInterfaceOrientations_iPad = "UIInterfaceOrientationPortrait UIInterfaceOrientationPortraitUpsideDown UIInterfaceOrientationLandscapeLeft UIInterfaceOrientationLandscapeRight";
				INFOPLIST_KEY_UISupportedInterfaceOrientations_iPhone = "UIInterfaceOrientationPortrait UIInterfaceOrientationLandscapeLeft UIInterfaceOrientationLandscapeRight";
				LD_RUNPATH_SEARCH_PATHS = (
					"$(inherited)",
					"@executable_path/Frameworks",
				);
				MARKETING_VERSION = 1.0;
				PRODUCT_BUNDLE_IDENTIFIER = mycompany.BloodTestLab;
				PRODUCT_NAME = "$(TARGET_NAME)";
				SWIFT_EMIT_LOC_STRINGS = YES;
				SWIFT_VERSION = 5.0;
				TARGETED_DEVICE_FAMILY = "1,2";
			};
			name = Debug;
		};
		63BC46292D0D376A009353C2 /* Release */ = {
			isa = XCBuildConfiguration;
			buildSettings = {
				ASSETCATALOG_COMPILER_APPICON_NAME = AppIcon;
				ASSETCATALOG_COMPILER_GLOBAL_ACCENT_COLOR_NAME = AccentColor;
				CODE_SIGN_STYLE = Automatic;
				CURRENT_PROJECT_VERSION = 1;
				DEVELOPMENT_ASSET_PATHS = "\"BloodTestLab/Preview Content\"";
				ENABLE_PREVIEWS = YES;
				GENERATE_INFOPLIST_FILE = YES;
				INFOPLIST_KEY_UIApplicationSceneManifest_Generation = YES;
				INFOPLIST_KEY_UIApplicationSupportsIndirectInputEvents = YES;
				INFOPLIST_KEY_UILaunchScreen_Generation = YES;
				INFOPLIST_KEY_UISupportedInterfaceOrientations_iPad = "UIInterfaceOrientationPortrait UIInterfaceOrientationPortraitUpsideDown UIInterfaceOrientationLandscapeLeft UIInterfaceOrientationLandscapeRight";
				INFOPLIST_KEY_UISupportedInterfaceOrientations_iPhone = "UIInterfaceOrientationPortrait UIInterfaceOrientationLandscapeLeft UIInterfaceOrientationLandscapeRight";
				LD_RUNPATH_SEARCH_PATHS = (
					"$(inherited)",
					"@executable_path/Frameworks",
				);
				MARKETING_VERSION = 1.0;
				PRODUCT_BUNDLE_IDENTIFIER = mycompany.BloodTestLab;
				PRODUCT_NAME = "$(TARGET_NAME)";
				SWIFT_EMIT_LOC_STRINGS = YES;
				SWIFT_VERSION = 5.0;
				TARGETED_DEVICE_FAMILY = "1,2";
			};
			name = Release;
		};
/* End XCBuildConfiguration section */

/* Begin XCConfigurationList section */
		63BC46142D0D3768009353C2 /* Build configuration list for PBXProject "BloodTestLab" */ = {
			isa = XCConfigurationList;
			buildConfigurations = (
				63BC46252D0D376A009353C2 /* Debug */,
				63BC46262D0D376A009353C2 /* Release */,
			);
			defaultConfigurationIsVisible = 0;
			defaultConfigurationName = Release;
		};
		63BC46272D0D376A009353C2 /* Build configuration list for PBXNativeTarget "BloodTestLab" */ = {
			isa = XCConfigurationList;
			buildConfigurations = (
				63BC46282D0D376A009353C2 /* Debug */,
				63BC46292D0D376A009353C2 /* Release */,
			);
			defaultConfigurationIsVisible = 0;
			defaultConfigurationName = Release;
		};
/* End XCConfigurationList section */
	};
	rootObject = 63BC46112D0D3768009353C2 /* Project object */;
}
